
Microsoft Visual Studio Solution File, Format Version 12.00
# Visual Studio 15
VisualStudioVersion = 15.0.28307.902
MinimumVisualStudioVersion = 10.0.40219.1
Project("{8BC9CEB8-8B4A-11D0-8D11-00A0C91BC942}") = "the-solver", "the-solver.vcxproj", "{B17A8C6E-40DA-4C2E-A41A-7C65E420FBB4}"
EndProject
Global
	GlobalSection(SolutionConfigurationPlatforms) = preSolution
		Debug|x64 = Debug|x64
		Debug|x86 = Debug|x86
		Release|x64 = Release|x64
		Release|x86 = Release|x86
	EndGlobalSection
	GlobalSection(ProjectConfigurationPlatforms) = postSolution
		{B17A8C6E-40DA-4C2E-A41A-7C65E420FBB4}.Debug|x64.ActiveCfg = Debug|x64
		{B17A8C6E-40DA-4C2E-A41A-7C65E420FBB4}.Debug|x64.Build.0 = Debug|x64
		{B17A8C6E-40DA-4C2E-A41A-7C65E420FBB4}.Debug|x86.ActiveCfg = Debug|Win32
		{B17A8C6E-40DA-4C2E-A41A-7C65E420FBB4}.Debug|x86.Build.0 = Debug|Win32
		{B17A8C6E-40DA-4C2E-A41A-7C65E420FBB4}.Release|x64.ActiveCfg = Release|x64
		{B17A8C6E-40DA-4C2E-A41A-7C65E420FBB4}.Release|x64.Build.0 = Release|x64
		{B17A8C6E-40DA-4C2E-A41A-7C65E420FBB4}.Release|x86.ActiveCfg = Release|Win32
		{B17A8C6E-40DA-4C2E-A41A-7C65E420FBB4}.Release|x86.Build.0 = Release|Win32
	EndGlobalSection
	GlobalSection(SolutionProperties) = preSolution
		HideSolutionNode = FALSE
	EndGlobalSection
	GlobalSection(ExtensibilityGlobals) = postSolution
		SolutionGuid = {33EC10C6-0533-4F1F-9850-92796A4831C5}
	EndGlobalSection
EndGlobal
